// !$*UTF8*$!
{
	archiveVersion = 1;
	classes = {
	};
	objectVersion = 77;
	objects = {

/* Begin PBXBuildFile section */
		D0785AFA2E0C23CC006B50A4 /* TaskManager.swift in Sources */ = {isa = PBXBuildFile; fileRef = D0785AF92E0C23CC006B50A4 /* TaskManager.swift */; };
		D0F4DAF72E043EC60019884C /* AppDelegate.swift in Sources */ = {isa = PBXBuildFile; fileRef = D0F4DAEB2E043EC60019884C /* AppDelegate.swift */; };
		D0F4DAF82E043EC60019884C /* Organizer.xcdatamodeld in Sources */ = {isa = PBXBuildFile; fileRef = D0F4DAF22E043EC60019884C /* Organizer.xcdatamodeld */; };
		D0F4DAF92E043EC60019884C /* SceneDelegate.swift in Sources */ = {isa = PBXBuildFile; fileRef = D0F4DAF32E043EC60019884C /* SceneDelegate.swift */; };
		D0F4DAFB2E043EC60019884C /* Assets.xcassets in Resources */ = {isa = PBXBuildFile; fileRef = D0F4DAEC2E043EC60019884C /* Assets.xcassets */; };
		D0F4DAFD2E043EC60019884C /* LaunchScreen.storyboard in Resources */ = {isa = PBXBuildFile; fileRef = D0F4DAEF2E043EC60019884C /* LaunchScreen.storyboard */; };
		D0F4DB042E043FAA0019884C /* Task.swift in Sources */ = {isa = PBXBuildFile; fileRef = D0F4DB032E043FAA0019884C /* Task.swift */; };
		D0F4DB1F2E0447950019884C /* TaskCell.swift in Sources */ = {isa = PBXBuildFile; fileRef = D0F4DB1E2E0447950019884C /* TaskCell.swift */; };
		D0F4DB222E044E010019884C /* TaskListViewController.swift in Sources */ = {isa = PBXBuildFile; fileRef = D0F4DB212E044E010019884C /* TaskListViewController.swift */; };
		D0F4DB242E044F960019884C /* TaskEditViewController.swift in Sources */ = {isa = PBXBuildFile; fileRef = D0F4DB232E044F960019884C /* TaskEditViewController.swift */; };
		D0F4DB262E046A8A0019884C /* Main.storyboard in Resources */ = {isa = PBXBuildFile; fileRef = D0F4DB252E046A8A0019884C /* Main.storyboard */; };
/* End PBXBuildFile section */

/* Begin PBXFileReference section */
		D0785AF92E0C23CC006B50A4 /* TaskManager.swift */ = {isa = PBXFileReference; lastKnownFileType = sourcecode.swift; path = TaskManager.swift; sourceTree = "<group>"; };
		D0F4DAD02E043EBE0019884C /* Organizer.app */ = {isa = PBXFileReference; explicitFileType = wrapper.application; includeInIndex = 0; path = Organizer.app; sourceTree = BUILT_PRODUCTS_DIR; };
		D0F4DAEB2E043EC60019884C /* AppDelegate.swift */ = {isa = PBXFileReference; lastKnownFileType = sourcecode.swift; path = AppDelegate.swift; sourceTree = "<group>"; };
		D0F4DAEC2E043EC60019884C /* Assets.xcassets */ = {isa = PBXFileReference; lastKnownFileType = folder.assetcatalog; path = Assets.xcassets; sourceTree = "<group>"; };
		D0F4DAED2E043EC60019884C /* Info.plist */ = {isa = PBXFileReference; lastKnownFileType = text.plist.xml; path = Info.plist; sourceTree = "<group>"; };
		D0F4DAEE2E043EC60019884C /* Base */ = {isa = PBXFileReference; lastKnownFileType = file.storyboard; name = Base; path = Base.lproj/LaunchScreen.storyboard; sourceTree = "<group>"; };
		D0F4DAF32E043EC60019884C /* SceneDelegate.swift */ = {isa = PBXFileReference; lastKnownFileType = sourcecode.swift; path = SceneDelegate.swift; sourceTree = "<group>"; };
		D0F4DAF62E043EC60019884C /* Organizer.xcdatamodel */ = {isa = PBXFileReference; lastKnownFileType = wrapper.xcdatamodel; path = Organizer.xcdatamodel; sourceTree = "<group>"; };
		D0F4DB032E043FAA0019884C /* Task.swift */ = {isa = PBXFileReference; lastKnownFileType = sourcecode.swift; path = Task.swift; sourceTree = "<group>"; };
		D0F4DB1E2E0447950019884C /* TaskCell.swift */ = {isa = PBXFileReference; lastKnownFileType = sourcecode.swift; path = TaskCell.swift; sourceTree = "<group>"; };
		D0F4DB212E044E010019884C /* TaskListViewController.swift */ = {isa = PBXFileReference; lastKnownFileType = sourcecode.swift; path = TaskListViewController.swift; sourceTree = "<group>"; };
		D0F4DB232E044F960019884C /* TaskEditViewController.swift */ = {isa = PBXFileReference; lastKnownFileType = sourcecode.swift; path = TaskEditViewController.swift; sourceTree = "<group>"; };
		D0F4DB252E046A8A0019884C /* Main.storyboard */ = {isa = PBXFileReference; lastKnownFileType = file.storyboard; path = Main.storyboard; sourceTree = "<group>"; };
/* End PBXFileReference section */

/* Begin PBXFrameworksBuildPhase section */
		D0F4DACD2E043EBE0019884C /* Frameworks */ = {
			isa = PBXFrameworksBuildPhase;
			buildActionMask = 2147483647;
			files = (
			);
			runOnlyForDeploymentPostprocessing = 0;
		};
/* End PBXFrameworksBuildPhase section */

/* Begin PBXGroup section */
		D0F4DAC72E043EBE0019884C = {
			isa = PBXGroup;
			children = (
				D0F4DAF52E043EC60019884C /* Organizer */,
				D0F4DAD12E043EBE0019884C /* Products */,
			);
			sourceTree = "<group>";
		};
		D0F4DAD12E043EBE0019884C /* Products */ = {
			isa = PBXGroup;
			children = (
				D0F4DAD02E043EBE0019884C /* Organizer.app */,
			);
			name = Products;
			sourceTree = "<group>";
		};
		D0F4DAF52E043EC60019884C /* Organizer */ = {
			isa = PBXGroup;
			children = (
				D0F4DAFF2E043EE10019884C /* Models */,
				D0F4DB202E044C850019884C /* Views */,
				D0F4DB002E043EF10019884C /* Controllers */,
				D0F4DB022E043F0C0019884C /* Delegate */,
				D0F4DB012E043EFB0019884C /* SupportFile */,
			);
			path = Organizer;
			sourceTree = "<group>";
		};
		D0F4DAFF2E043EE10019884C /* Models */ = {
			isa = PBXGroup;
			children = (
				D0F4DB032E043FAA0019884C /* Task.swift */,
				D0785AF92E0C23CC006B50A4 /* TaskManager.swift */,
			);
			path = Models;
			sourceTree = "<group>";
		};
		D0F4DB002E043EF10019884C /* Controllers */ = {
			isa = PBXGroup;
			children = (
				D0F4DB212E044E010019884C /* TaskListViewController.swift */,
				D0F4DB232E044F960019884C /* TaskEditViewController.swift */,
				D0F4DB252E046A8A0019884C /* Main.storyboard */,
			);
			path = Controllers;
			sourceTree = "<group>";
		};
		D0F4DB012E043EFB0019884C /* SupportFile */ = {
			isa = PBXGroup;
			children = (
				D0F4DAEF2E043EC60019884C /* LaunchScreen.storyboard */,
				D0F4DAF22E043EC60019884C /* Organizer.xcdatamodeld */,
				D0F4DAED2E043EC60019884C /* Info.plist */,
				D0F4DAEC2E043EC60019884C /* Assets.xcassets */,
			);
			path = SupportFile;
			sourceTree = "<group>";
		};
		D0F4DB022E043F0C0019884C /* Delegate */ = {
			isa = PBXGroup;
			children = (
				D0F4DAF32E043EC60019884C /* SceneDelegate.swift */,
				D0F4DAEB2E043EC60019884C /* AppDelegate.swift */,
			);
			path = Delegate;
			sourceTree = "<group>";
		};
		D0F4DB202E044C850019884C /* Views */ = {
			isa = PBXGroup;
			children = (
				D0F4DB1E2E0447950019884C /* TaskCell.swift */,
			);
			path = Views;
			sourceTree = "<group>";
		};
/* End PBXGroup section */

/* Begin PBXNativeTarget section */
		D0F4DACF2E043EBE0019884C /* Organizer */ = {
			isa = PBXNativeTarget;
			buildConfigurationList = D0F4DAE62E043EC00019884C /* Build configuration list for PBXNativeTarget "Organizer" */;
			buildPhases = (
				D0F4DACC2E043EBE0019884C /* Sources */,
				D0F4DACD2E043EBE0019884C /* Frameworks */,
				D0F4DACE2E043EBE0019884C /* Resources */,
			);
			buildRules = (
			);
			dependencies = (
			);
			name = Organizer;
			packageProductDependencies = (
			);
			productName = Organizer;
			productReference = D0F4DAD02E043EBE0019884C /* Organizer.app */;
			productType = "com.apple.product-type.application";
		};
/* End PBXNativeTarget section */

/* Begin PBXProject section */
		D0F4DAC82E043EBE0019884C /* Project object */ = {
			isa = PBXProject;
			attributes = {
				BuildIndependentTargetsInParallel = 1;
				LastSwiftUpdateCheck = 1630;
				LastUpgradeCheck = 1630;
				TargetAttributes = {
					D0F4DACF2E043EBE0019884C = {
						CreatedOnToolsVersion = 16.3;
					};
				};
			};
			buildConfigurationList = D0F4DACB2E043EBE0019884C /* Build configuration list for PBXProject "Organizer" */;
			developmentRegion = en;
			hasScannedForEncodings = 0;
			knownRegions = (
				en,
				Base,
			);
			mainGroup = D0F4DAC72E043EBE0019884C;
			minimizedProjectReferenceProxies = 1;
			preferredProjectObjectVersion = 77;
			productRefGroup = D0F4DAD12E043EBE0019884C /* Products */;
			projectDirPath = "";
			projectRoot = "";
			targets = (
				D0F4DACF2E043EBE0019884C /* Organizer */,
			);
		};
/* End PBXProject section */

/* Begin PBXResourcesBuildPhase section */
		D0F4DACE2E043EBE0019884C /* Resources */ = {
			isa = PBXResourcesBuildPhase;
			buildActionMask = 2147483647;
			files = (
				D0F4DB262E046A8A0019884C /* Main.storyboard in Resources */,
				D0F4DAFB2E043EC60019884C /* Assets.xcassets in Resources */,
				D0F4DAFD2E043EC60019884C /* LaunchScreen.storyboard in Resources */,
			);
			runOnlyForDeploymentPostprocessing = 0;
		};
/* End PBXResourcesBuildPhase section */

/* Begin PBXSourcesBuildPhase section */
		D0F4DACC2E043EBE0019884C /* Sources */ = {
			isa = PBXSourcesBuildPhase;
			buildActionMask = 2147483647;
			files = (
				D0F4DB042E043FAA0019884C /* Task.swift in Sources */,
				D0F4DB242E044F960019884C /* TaskEditViewController.swift in Sources */,
				D0785AFA2E0C23CC006B50A4 /* TaskManager.swift in Sources */,
				D0F4DAF72E043EC60019884C /* AppDelegate.swift in Sources */,
				D0F4DAF82E043EC60019884C /* Organizer.xcdatamodeld in Sources */,
				D0F4DAF92E043EC60019884C /* SceneDelegate.swift in Sources */,
				D0F4DB1F2E0447950019884C /* TaskCell.swift in Sources */,
				D0F4DB222E044E010019884C /* TaskListViewController.swift in Sources */,
			);
			runOnlyForDeploymentPostprocessing = 0;
		};
/* End PBXSourcesBuildPhase section */

/* Begin PBXVariantGroup section */
		D0F4DAEF2E043EC60019884C /* LaunchScreen.storyboard */ = {
			isa = PBXVariantGroup;
			children = (
				D0F4DAEE2E043EC60019884C /* Base */,
			);
			name = LaunchScreen.storyboard;
			sourceTree = "<group>";
		};
/* End PBXVariantGroup section */

/* Begin XCBuildConfiguration section */
		D0F4DAE72E043EC00019884C /* Debug */ = {
			isa = XCBuildConfiguration;
			buildSettings = {
				ASSETCATALOG_COMPILER_APPICON_NAME = AppIcon;
				ASSETCATALOG_COMPILER_GLOBAL_ACCENT_COLOR_NAME = AccentColor;
				CODE_SIGN_STYLE = Automatic;
				CURRENT_PROJECT_VERSION = 1;
				DEVELOPMENT_TEAM = SMFNSK27YT;
				GENERATE_INFOPLIST_FILE = YES;
				INFOPLIST_FILE = "/Users/macbookair/Desktop/Готовые мои проекты/Organizer/Organizer/SupportFile/Info.plist";
				INFOPLIST_KEY_UIApplicationSupportsIndirectInputEvents = YES;
				INFOPLIST_KEY_UILaunchStoryboardName = LaunchScreen;
				INFOPLIST_KEY_UIMainStoryboardFile = Main;
				INFOPLIST_KEY_UISupportedInterfaceOrientations = UIInterfaceOrientationPortrait;
				IPHONEOS_DEPLOYMENT_TARGET = 17;
				LD_RUNPATH_SEARCH_PATHS = (
					"$(inherited)",
					"@executable_path/Frameworks",
				);
				MARKETING_VERSION = 1.0;
				PRODUCT_BUNDLE_IDENTIFIER = homelessTeam.Organizer;
				PRODUCT_NAME = "$(TARGET_NAME)";
				SWIFT_EMIT_LOC_STRINGS = YES;
				SWIFT_VERSION = 5.0;
				TARGETED_DEVICE_FAMILY = "1,2";
			};
			name = Debug;
		};
		D0F4DAE82E043EC00019884C /* Release */ = {
			isa = XCBuildConfiguration;
			buildSettings = {
				ASSETCATALOG_COMPILER_APPICON_NAME = AppIcon;
				ASSETCATALOG_COMPILER_GLOBAL_ACCENT_COLOR_NAME = AccentColor;
				CODE_SIGN_STYLE = Automatic;
				CURRENT_PROJECT_VERSION = 1;
				DEVELOPMENT_TEAM = SMFNSK27YT;
				GENERATE_INFOPLIST_FILE = YES;
				INFOPLIST_FILE = "/Users/macbookair/Desktop/Готовые мои проекты/Organizer/Organizer/SupportFile/Info.plist";
				INFOPLIST_KEY_UIApplicationSupportsIndirectInputEvents = YES;
				INFOPLIST_KEY_UILaunchStoryboardName = LaunchScreen;
				INFOPLIST_KEY_UIMainStoryboardFile = Main;
				INFOPLIST_KEY_UISupportedInterfaceOrientations = UIInterfaceOrientationPortrait;
				IPHONEOS_DEPLOYMENT_TARGET = 17;
				LD_RUNPATH_SEARCH_PATHS = (
					"$(inherited)",
					"@executable_path/Frameworks",
				);
				MARKETING_VERSION = 1.0;
				PRODUCT_BUNDLE_IDENTIFIER = homelessTeam.Organizer;
				PRODUCT_NAME = "$(TARGET_NAME)";
				SWIFT_EMIT_LOC_STRINGS = YES;
				SWIFT_VERSION = 5.0;
				TARGETED_DEVICE_FAMILY = "1,2";
			};
			name = Release;
		};
		D0F4DAE92E043EC00019884C /* Debug */ = {
			isa = XCBuildConfiguration;
			buildSettings = {
				ALWAYS_SEARCH_USER_PATHS = NO;
				ASSETCATALOG_COMPILER_GENERATE_SWIFT_ASSET_SYMBOL_EXTENSIONS = YES;
				CLANG_ANALYZER_NONNULL = YES;
				CLANG_ANALYZER_NUMBER_OBJECT_CONVERSION = YES_AGGRESSIVE;
				CLANG_CXX_LANGUAGE_STANDARD = "gnu++20";
				CLANG_ENABLE_MODULES = YES;
				CLANG_ENABLE_OBJC_ARC = YES;
				CLANG_ENABLE_OBJC_WEAK = YES;
				CLANG_WARN_BLOCK_CAPTURE_AUTORELEASING = YES;
				CLANG_WARN_BOOL_CONVERSION = YES;
				CLANG_WARN_COMMA = YES;
				CLANG_WARN_CONSTANT_CONVERSION = YES;
				CLANG_WARN_DEPRECATED_OBJC_IMPLEMENTATIONS = YES;
				CLANG_WARN_DIRECT_OBJC_ISA_USAGE = YES_ERROR;
				CLANG_WARN_DOCUMENTATION_COMMENTS = YES;
				CLANG_WARN_EMPTY_BODY = YES;
				CLANG_WARN_ENUM_CONVERSION = YES;
				CLANG_WARN_INFINITE_RECURSION = YES;
				CLANG_WARN_INT_CONVERSION = YES;
				CLANG_WARN_NON_LITERAL_NULL_CONVERSION = YES;
				CLANG_WARN_OBJC_IMPLICIT_RETAIN_SELF = YES;
				CLANG_WARN_OBJC_LITERAL_CONVERSION = YES;
				CLANG_WARN_OBJC_ROOT_CLASS = YES_ERROR;
				CLANG_WARN_QUOTED_INCLUDE_IN_FRAMEWORK_HEADER = YES;
				CLANG_WARN_RANGE_LOOP_ANALYSIS = YES;
				CLANG_WARN_STRICT_PROTOTYPES = YES;
				CLANG_WARN_SUSPICIOUS_MOVE = YES;
				CLANG_WARN_UNGUARDED_AVAILABILITY = YES_AGGRESSIVE;
				CLANG_WARN_UNREACHABLE_CODE = YES;
				CLANG_WARN__DUPLICATE_METHOD_MATCH = YES;
				COPY_PHASE_STRIP = NO;
				DEBUG_INFORMATION_FORMAT = dwarf;
				DEVELOPMENT_TEAM = SMFNSK27YT;
				ENABLE_STRICT_OBJC_MSGSEND = YES;
				ENABLE_TESTABILITY = YES;
				ENABLE_USER_SCRIPT_SANDBOXING = YES;
				GCC_C_LANGUAGE_STANDARD = gnu17;
				GCC_DYNAMIC_NO_PIC = NO;
				GCC_NO_COMMON_BLOCKS = YES;
				GCC_OPTIMIZATION_LEVEL = 0;
				GCC_PREPROCESSOR_DEFINITIONS = (
					"DEBUG=1",
					"$(inherited)",
				);
				GCC_WARN_64_TO_32_BIT_CONVERSION = YES;
				GCC_WARN_ABOUT_RETURN_TYPE = YES_ERROR;
				GCC_WARN_UNDECLARED_SELECTOR = YES;
				GCC_WARN_UNINITIALIZED_AUTOS = YES_AGGRESSIVE;
				GCC_WARN_UNUSED_FUNCTION = YES;
				GCC_WARN_UNUSED_VARIABLE = YES;
				IPHONEOS_DEPLOYMENT_TARGET = 18.4;
				LOCALIZATION_PREFERS_STRING_CATALOGS = YES;
				MTL_ENABLE_DEBUG_INFO = INCLUDE_SOURCE;
				MTL_FAST_MATH = YES;
				ONLY_ACTIVE_ARCH = YES;
				SDKROOT = iphoneos;
				SWIFT_ACTIVE_COMPILATION_CONDITIONS = "DEBUG $(inherited)";
				SWIFT_OPTIMIZATION_LEVEL = "-Onone";
			};
			name = Debug;
		};
		D0F4DAEA2E043EC00019884C /* Release */ = {
			isa = XCBuildConfiguration;
			buildSettings = {
				ALWAYS_SEARCH_USER_PATHS = NO;
				ASSETCATALOG_COMPILER_GENERATE_SWIFT_ASSET_SYMBOL_EXTENSIONS = YES;
				CLANG_ANALYZER_NONNULL = YES;
				CLANG_ANALYZER_NUMBER_OBJECT_CONVERSION = YES_AGGRESSIVE;
				CLANG_CXX_LANGUAGE_STANDARD = "gnu++20";
				CLANG_ENABLE_MODULES = YES;
				CLANG_ENABLE_OBJC_ARC = YES;
				CLANG_ENABLE_OBJC_WEAK = YES;
				CLANG_WARN_BLOCK_CAPTURE_AUTORELEASING = YES;
				CLANG_WARN_BOOL_CONVERSION = YES;
				CLANG_WARN_COMMA = YES;
				CLANG_WARN_CONSTANT_CONVERSION = YES;
				CLANG_WARN_DEPRECATED_OBJC_IMPLEMENTATIONS = YES;
				CLANG_WARN_DIRECT_OBJC_ISA_USAGE = YES_ERROR;
				CLANG_WARN_DOCUMENTATION_COMMENTS = YES;
				CLANG_WARN_EMPTY_BODY = YES;
				CLANG_WARN_ENUM_CONVERSION = YES;
				CLANG_WARN_INFINITE_RECURSION = YES;
				CLANG_WARN_INT_CONVERSION = YES;
				CLANG_WARN_NON_LITERAL_NULL_CONVERSION = YES;
				CLANG_WARN_OBJC_IMPLICIT_RETAIN_SELF = YES;
				CLANG_WARN_OBJC_LITERAL_CONVERSION = YES;
				CLANG_WARN_OBJC_ROOT_CLASS = YES_ERROR;
				CLANG_WARN_QUOTED_INCLUDE_IN_FRAMEWORK_HEADER = YES;
				CLANG_WARN_RANGE_LOOP_ANALYSIS = YES;
				CLANG_WARN_STRICT_PROTOTYPES = YES;
				CLANG_WARN_SUSPICIOUS_MOVE = YES;
				CLANG_WARN_UNGUARDED_AVAILABILITY = YES_AGGRESSIVE;
				CLANG_WARN_UNREACHABLE_CODE = YES;
				CLANG_WARN__DUPLICATE_METHOD_MATCH = YES;
				COPY_PHASE_STRIP = NO;
				DEBUG_INFORMATION_FORMAT = "dwarf-with-dsym";
				DEVELOPMENT_TEAM = SMFNSK27YT;
				ENABLE_NS_ASSERTIONS = NO;
				ENABLE_STRICT_OBJC_MSGSEND = YES;
				ENABLE_USER_SCRIPT_SANDBOXING = YES;
				GCC_C_LANGUAGE_STANDARD = gnu17;
				GCC_NO_COMMON_BLOCKS = YES;
				GCC_WARN_64_TO_32_BIT_CONVERSION = YES;
				GCC_WARN_ABOUT_RETURN_TYPE = YES_ERROR;
				GCC_WARN_UNDECLARED_SELECTOR = YES;
				GCC_WARN_UNINITIALIZED_AUTOS = YES_AGGRESSIVE;
				GCC_WARN_UNUSED_FUNCTION = YES;
				GCC_WARN_UNUSED_VARIABLE = YES;
				IPHONEOS_DEPLOYMENT_TARGET = 18.4;
				LOCALIZATION_PREFERS_STRING_CATALOGS = YES;
				MTL_ENABLE_DEBUG_INFO = NO;
				MTL_FAST_MATH = YES;
				SDKROOT = iphoneos;
				SWIFT_COMPILATION_MODE = wholemodule;
				VALIDATE_PRODUCT = YES;
			};
			name = Release;
		};
/* End XCBuildConfiguration section */

/* Begin XCConfigurationList section */
		D0F4DACB2E043EBE0019884C /* Build configuration list for PBXProject "Organizer" */ = {
			isa = XCConfigurationList;
			buildConfigurations = (
				D0F4DAE92E043EC00019884C /* Debug */,
				D0F4DAEA2E043EC00019884C /* Release */,
			);
			defaultConfigurationIsVisible = 0;
			defaultConfigurationName = Release;
		};
		D0F4DAE62E043EC00019884C /* Build configuration list for PBXNativeTarget "Organizer" */ = {
			isa = XCConfigurationList;
			buildConfigurations = (
				D0F4DAE72E043EC00019884C /* Debug */,
				D0F4DAE82E043EC00019884C /* Release */,
			);
			defaultConfigurationIsVisible = 0;
			defaultConfigurationName = Release;
		};
/* End XCConfigurationList section */

/* Begin XCVersionGroup section */
		D0F4DAF22E043EC60019884C /* Organizer.xcdatamodeld */ = {
			isa = XCVersionGroup;
			children = (
				D0F4DAF62E043EC60019884C /* Organizer.xcdatamodel */,
			);
			currentVersion = D0F4DAF62E043EC60019884C /* Organizer.xcdatamodel */;
			path = Organizer.xcdatamodeld;
			sourceTree = "<group>";
			versionGroupType = wrapper.xcdatamodel;
		};
/* End XCVersionGroup section */
	};
	rootObject = D0F4DAC82E043EBE0019884C /* Project object */;
}
